// !$*UTF8*$!
{
	archiveVersion = 1;
	classes = {
	};
	objectVersion = 56;
	objects = {

/* Begin PBXBuildFile section */
		9E27A8412AAF29D000124B9B /* MeetingHeaderView.swift in Sources */ = {isa = PBXBuildFile; fileRef = 9E27A8402AAF29D000124B9B /* MeetingHeaderView.swift */; };
		9E27A8432AAF315300124B9B /* ScrumProgressViewStyle.swift in Sources */ = {isa = PBXBuildFile; fileRef = 9E27A8422AAF315300124B9B /* ScrumProgressViewStyle.swift */; };
		9E27A8452AAF334A00124B9B /* ScrumTimer.swift in Sources */ = {isa = PBXBuildFile; fileRef = 9E27A8442AAF334A00124B9B /* ScrumTimer.swift */; };
		9E27A8472AAF368A00124B9B /* MeetingFooterView.swift in Sources */ = {isa = PBXBuildFile; fileRef = 9E27A8462AAF368A00124B9B /* MeetingFooterView.swift */; };
		9E27A8492AAF427F00124B9B /* AVPlayer+Ding.swift in Sources */ = {isa = PBXBuildFile; fileRef = 9E27A8482AAF427F00124B9B /* AVPlayer+Ding.swift */; };
		9E27A84B2AAF48BB00124B9B /* NewScrumSheet.swift in Sources */ = {isa = PBXBuildFile; fileRef = 9E27A84A2AAF48BB00124B9B /* NewScrumSheet.swift */; };
		9E27A84D2AAF503900124B9B /* History.swift in Sources */ = {isa = PBXBuildFile; fileRef = 9E27A84C2AAF503900124B9B /* History.swift */; };
		9EA5AF5E2AA8E27600C76AAC /* ThemesPicker.swift in Sources */ = {isa = PBXBuildFile; fileRef = 9EA5AF5D2AA8E27600C76AAC /* ThemesPicker.swift */; };
		9ECBBB092AA4E82B00B0D58B /* ScrumdingerApp.swift in Sources */ = {isa = PBXBuildFile; fileRef = 9ECBBB082AA4E82B00B0D58B /* ScrumdingerApp.swift */; };
		9ECBBB0B2AA4E82B00B0D58B /* MeetingView.swift in Sources */ = {isa = PBXBuildFile; fileRef = 9ECBBB0A2AA4E82B00B0D58B /* MeetingView.swift */; };
		9ECBBB0D2AA4E82E00B0D58B /* Assets.xcassets in Resources */ = {isa = PBXBuildFile; fileRef = 9ECBBB0C2AA4E82E00B0D58B /* Assets.xcassets */; };
		9ECBBB112AA4E82E00B0D58B /* Preview Assets.xcassets in Resources */ = {isa = PBXBuildFile; fileRef = 9ECBBB102AA4E82E00B0D58B /* Preview Assets.xcassets */; };
		9ECBBB1B2AA4E82E00B0D58B /* ScrumdingerTests.swift in Sources */ = {isa = PBXBuildFile; fileRef = 9ECBBB1A2AA4E82E00B0D58B /* ScrumdingerTests.swift */; };
		9ECBBB252AA4E82E00B0D58B /* ScrumdingerUITests.swift in Sources */ = {isa = PBXBuildFile; fileRef = 9ECBBB242AA4E82E00B0D58B /* ScrumdingerUITests.swift */; };
		9ECBBB272AA4E82E00B0D58B /* ScrumdingerUITestsLaunchTests.swift in Sources */ = {isa = PBXBuildFile; fileRef = 9ECBBB262AA4E82E00B0D58B /* ScrumdingerUITestsLaunchTests.swift */; };
		9ECBBB372AA5C72F00B0D58B /* Theme.swift in Sources */ = {isa = PBXBuildFile; fileRef = 9ECBBB362AA5C72F00B0D58B /* Theme.swift */; };
		9ECBBB392AA5CA5E00B0D58B /* DailyScrum.swift in Sources */ = {isa = PBXBuildFile; fileRef = 9ECBBB382AA5CA5E00B0D58B /* DailyScrum.swift */; };
		9ECBBB3B2AA5CD0900B0D58B /* CardView.swift in Sources */ = {isa = PBXBuildFile; fileRef = 9ECBBB3A2AA5CD0900B0D58B /* CardView.swift */; };
		9ECBBB3D2AA5D35F00B0D58B /* TrailingIconLabelStyle.swift in Sources */ = {isa = PBXBuildFile; fileRef = 9ECBBB3C2AA5D35F00B0D58B /* TrailingIconLabelStyle.swift */; };
		9ECBBB3F2AA5DF9600B0D58B /* ScrumsView.swift in Sources */ = {isa = PBXBuildFile; fileRef = 9ECBBB3E2AA5DF9600B0D58B /* ScrumsView.swift */; };
		9ECBBB412AA5EE7300B0D58B /* DetailView.swift in Sources */ = {isa = PBXBuildFile; fileRef = 9ECBBB402AA5EE7300B0D58B /* DetailView.swift */; };
		9ECBBB432AA62B6D00B0D58B /* DetailEditView.swift in Sources */ = {isa = PBXBuildFile; fileRef = 9ECBBB422AA62B6D00B0D58B /* DetailEditView.swift */; };
		9ECBBB462AA8D79B00B0D58B /* ThemeView.swift in Sources */ = {isa = PBXBuildFile; fileRef = 9ECBBB452AA8D79B00B0D58B /* ThemeView.swift */; };
/* End PBXBuildFile section */

/* Begin PBXContainerItemProxy section */
		9ECBBB172AA4E82E00B0D58B /* PBXContainerItemProxy */ = {
			isa = PBXContainerItemProxy;
			containerPortal = 9ECBBAFD2AA4E82B00B0D58B /* Project object */;
			proxyType = 1;
			remoteGlobalIDString = 9ECBBB042AA4E82B00B0D58B;
			remoteInfo = Scrumdinger;
		};
		9ECBBB212AA4E82E00B0D58B /* PBXContainerItemProxy */ = {
			isa = PBXContainerItemProxy;
			containerPortal = 9ECBBAFD2AA4E82B00B0D58B /* Project object */;
			proxyType = 1;
			remoteGlobalIDString = 9ECBBB042AA4E82B00B0D58B;
			remoteInfo = Scrumdinger;
		};
/* End PBXContainerItemProxy section */

/* Begin PBXFileReference section */
		9E27A8402AAF29D000124B9B /* MeetingHeaderView.swift */ = {isa = PBXFileReference; lastKnownFileType = sourcecode.swift; path = MeetingHeaderView.swift; sourceTree = "<group>"; };
		9E27A8422AAF315300124B9B /* ScrumProgressViewStyle.swift */ = {isa = PBXFileReference; lastKnownFileType = sourcecode.swift; path = ScrumProgressViewStyle.swift; sourceTree = "<group>"; };
		9E27A8442AAF334A00124B9B /* ScrumTimer.swift */ = {isa = PBXFileReference; lastKnownFileType = sourcecode.swift; path = ScrumTimer.swift; sourceTree = "<group>"; };
		9E27A8462AAF368A00124B9B /* MeetingFooterView.swift */ = {isa = PBXFileReference; lastKnownFileType = sourcecode.swift; path = MeetingFooterView.swift; sourceTree = "<group>"; };
		9E27A8482AAF427F00124B9B /* AVPlayer+Ding.swift */ = {isa = PBXFileReference; lastKnownFileType = sourcecode.swift; path = "AVPlayer+Ding.swift"; sourceTree = "<group>"; };
		9E27A84A2AAF48BB00124B9B /* NewScrumSheet.swift */ = {isa = PBXFileReference; lastKnownFileType = sourcecode.swift; path = NewScrumSheet.swift; sourceTree = "<group>"; };
		9E27A84C2AAF503900124B9B /* History.swift */ = {isa = PBXFileReference; lastKnownFileType = sourcecode.swift; path = History.swift; sourceTree = "<group>"; };
		9EA5AF5D2AA8E27600C76AAC /* ThemesPicker.swift */ = {isa = PBXFileReference; lastKnownFileType = sourcecode.swift; path = ThemesPicker.swift; sourceTree = "<group>"; };
		9ECBBB052AA4E82B00B0D58B /* Scrumdinger.app */ = {isa = PBXFileReference; explicitFileType = wrapper.application; includeInIndex = 0; path = Scrumdinger.app; sourceTree = BUILT_PRODUCTS_DIR; };
		9ECBBB082AA4E82B00B0D58B /* ScrumdingerApp.swift */ = {isa = PBXFileReference; lastKnownFileType = sourcecode.swift; path = ScrumdingerApp.swift; sourceTree = "<group>"; };
		9ECBBB0A2AA4E82B00B0D58B /* MeetingView.swift */ = {isa = PBXFileReference; lastKnownFileType = sourcecode.swift; path = MeetingView.swift; sourceTree = "<group>"; };
		9ECBBB0C2AA4E82E00B0D58B /* Assets.xcassets */ = {isa = PBXFileReference; lastKnownFileType = folder.assetcatalog; path = Assets.xcassets; sourceTree = "<group>"; };
		9ECBBB0E2AA4E82E00B0D58B /* Scrumdinger.entitlements */ = {isa = PBXFileReference; lastKnownFileType = text.plist.entitlements; path = Scrumdinger.entitlements; sourceTree = "<group>"; };
		9ECBBB102AA4E82E00B0D58B /* Preview Assets.xcassets */ = {isa = PBXFileReference; lastKnownFileType = folder.assetcatalog; path = "Preview Assets.xcassets"; sourceTree = "<group>"; };
		9ECBBB162AA4E82E00B0D58B /* ScrumdingerTests.xctest */ = {isa = PBXFileReference; explicitFileType = wrapper.cfbundle; includeInIndex = 0; path = ScrumdingerTests.xctest; sourceTree = BUILT_PRODUCTS_DIR; };
		9ECBBB1A2AA4E82E00B0D58B /* ScrumdingerTests.swift */ = {isa = PBXFileReference; lastKnownFileType = sourcecode.swift; path = ScrumdingerTests.swift; sourceTree = "<group>"; };
		9ECBBB202AA4E82E00B0D58B /* ScrumdingerUITests.xctest */ = {isa = PBXFileReference; explicitFileType = wrapper.cfbundle; includeInIndex = 0; path = ScrumdingerUITests.xctest; sourceTree = BUILT_PRODUCTS_DIR; };
		9ECBBB242AA4E82E00B0D58B /* ScrumdingerUITests.swift */ = {isa = PBXFileReference; lastKnownFileType = sourcecode.swift; path = ScrumdingerUITests.swift; sourceTree = "<group>"; };
		9ECBBB262AA4E82E00B0D58B /* ScrumdingerUITestsLaunchTests.swift */ = {isa = PBXFileReference; lastKnownFileType = sourcecode.swift; path = ScrumdingerUITestsLaunchTests.swift; sourceTree = "<group>"; };
		9ECBBB362AA5C72F00B0D58B /* Theme.swift */ = {isa = PBXFileReference; lastKnownFileType = sourcecode.swift; path = Theme.swift; sourceTree = "<group>"; };
		9ECBBB382AA5CA5E00B0D58B /* DailyScrum.swift */ = {isa = PBXFileReference; lastKnownFileType = sourcecode.swift; path = DailyScrum.swift; sourceTree = "<group>"; };
		9ECBBB3A2AA5CD0900B0D58B /* CardView.swift */ = {isa = PBXFileReference; lastKnownFileType = sourcecode.swift; path = CardView.swift; sourceTree = "<group>"; };
		9ECBBB3C2AA5D35F00B0D58B /* TrailingIconLabelStyle.swift */ = {isa = PBXFileReference; lastKnownFileType = sourcecode.swift; path = TrailingIconLabelStyle.swift; sourceTree = "<group>"; };
		9ECBBB3E2AA5DF9600B0D58B /* ScrumsView.swift */ = {isa = PBXFileReference; lastKnownFileType = sourcecode.swift; path = ScrumsView.swift; sourceTree = "<group>"; };
		9ECBBB402AA5EE7300B0D58B /* DetailView.swift */ = {isa = PBXFileReference; lastKnownFileType = sourcecode.swift; path = DetailView.swift; sourceTree = "<group>"; };
		9ECBBB422AA62B6D00B0D58B /* DetailEditView.swift */ = {isa = PBXFileReference; lastKnownFileType = sourcecode.swift; path = DetailEditView.swift; sourceTree = "<group>"; };
		9ECBBB452AA8D79B00B0D58B /* ThemeView.swift */ = {isa = PBXFileReference; lastKnownFileType = sourcecode.swift; path = ThemeView.swift; sourceTree = "<group>"; };
/* End PBXFileReference section */

/* Begin PBXFrameworksBuildPhase section */
		9ECBBB022AA4E82B00B0D58B /* Frameworks */ = {
			isa = PBXFrameworksBuildPhase;
			buildActionMask = 2147483647;
			files = (
			);
			runOnlyForDeploymentPostprocessing = 0;
		};
		9ECBBB132AA4E82E00B0D58B /* Frameworks */ = {
			isa = PBXFrameworksBuildPhase;
			buildActionMask = 2147483647;
			files = (
			);
			runOnlyForDeploymentPostprocessing = 0;
		};
		9ECBBB1D2AA4E82E00B0D58B /* Frameworks */ = {
			isa = PBXFrameworksBuildPhase;
			buildActionMask = 2147483647;
			files = (
			);
			runOnlyForDeploymentPostprocessing = 0;
		};
/* End PBXFrameworksBuildPhase section */

/* Begin PBXGroup section */
		9ECBBAFC2AA4E82B00B0D58B = {
			isa = PBXGroup;
			children = (
				9ECBBB072AA4E82B00B0D58B /* Scrumdinger */,
				9ECBBB192AA4E82E00B0D58B /* ScrumdingerTests */,
				9ECBBB232AA4E82E00B0D58B /* ScrumdingerUITests */,
				9ECBBB062AA4E82B00B0D58B /* Products */,
			);
			sourceTree = "<group>";
		};
		9ECBBB062AA4E82B00B0D58B /* Products */ = {
			isa = PBXGroup;
			children = (
				9ECBBB052AA4E82B00B0D58B /* Scrumdinger.app */,
				9ECBBB162AA4E82E00B0D58B /* ScrumdingerTests.xctest */,
				9ECBBB202AA4E82E00B0D58B /* ScrumdingerUITests.xctest */,
			);
			name = Products;
			sourceTree = "<group>";
		};
		9ECBBB072AA4E82B00B0D58B /* Scrumdinger */ = {
			isa = PBXGroup;
			children = (
				9ECBBB442AA8D39400B0D58B /* Views */,
				9ECBBB352AA5C70700B0D58B /* Models */,
				9ECBBB082AA4E82B00B0D58B /* ScrumdingerApp.swift */,
				9ECBBB0A2AA4E82B00B0D58B /* MeetingView.swift */,
				9ECBBB0C2AA4E82E00B0D58B /* Assets.xcassets */,
				9ECBBB0E2AA4E82E00B0D58B /* Scrumdinger.entitlements */,
				9ECBBB0F2AA4E82E00B0D58B /* Preview Content */,
				9ECBBB3A2AA5CD0900B0D58B /* CardView.swift */,
				9ECBBB3C2AA5D35F00B0D58B /* TrailingIconLabelStyle.swift */,
				9ECBBB3E2AA5DF9600B0D58B /* ScrumsView.swift */,
				9ECBBB402AA5EE7300B0D58B /* DetailView.swift */,
				9ECBBB422AA62B6D00B0D58B /* DetailEditView.swift */,
				9E27A8402AAF29D000124B9B /* MeetingHeaderView.swift */,
				9E27A8462AAF368A00124B9B /* MeetingFooterView.swift */,
				9E27A84A2AAF48BB00124B9B /* NewScrumSheet.swift */,
			);
			path = Scrumdinger;
			sourceTree = "<group>";
		};
		9ECBBB0F2AA4E82E00B0D58B /* Preview Content */ = {
			isa = PBXGroup;
			children = (
				9ECBBB102AA4E82E00B0D58B /* Preview Assets.xcassets */,
			);
			path = "Preview Content";
			sourceTree = "<group>";
		};
		9ECBBB192AA4E82E00B0D58B /* ScrumdingerTests */ = {
			isa = PBXGroup;
			children = (
				9ECBBB1A2AA4E82E00B0D58B /* ScrumdingerTests.swift */,
			);
			path = ScrumdingerTests;
			sourceTree = "<group>";
		};
		9ECBBB232AA4E82E00B0D58B /* ScrumdingerUITests */ = {
			isa = PBXGroup;
			children = (
				9ECBBB242AA4E82E00B0D58B /* ScrumdingerUITests.swift */,
				9ECBBB262AA4E82E00B0D58B /* ScrumdingerUITestsLaunchTests.swift */,
			);
			path = ScrumdingerUITests;
			sourceTree = "<group>";
		};
		9ECBBB352AA5C70700B0D58B /* Models */ = {
			isa = PBXGroup;
			children = (
				9ECBBB362AA5C72F00B0D58B /* Theme.swift */,
				9ECBBB382AA5CA5E00B0D58B /* DailyScrum.swift */,
				9E27A8442AAF334A00124B9B /* ScrumTimer.swift */,
				9E27A8482AAF427F00124B9B /* AVPlayer+Ding.swift */,
				9E27A84C2AAF503900124B9B /* History.swift */,
			);
			path = Models;
			sourceTree = "<group>";
		};
		9ECBBB442AA8D39400B0D58B /* Views */ = {
			isa = PBXGroup;
			children = (
				9ECBBB452AA8D79B00B0D58B /* ThemeView.swift */,
				9EA5AF5D2AA8E27600C76AAC /* ThemesPicker.swift */,
				9E27A8422AAF315300124B9B /* ScrumProgressViewStyle.swift */,
			);
			path = Views;
			sourceTree = "<group>";
		};
/* End PBXGroup section */

/* Begin PBXNativeTarget section */
		9ECBBB042AA4E82B00B0D58B /* Scrumdinger */ = {
			isa = PBXNativeTarget;
			buildConfigurationList = 9ECBBB2A2AA4E82E00B0D58B /* Build configuration list for PBXNativeTarget "Scrumdinger" */;
			buildPhases = (
				9ECBBB012AA4E82B00B0D58B /* Sources */,
				9ECBBB022AA4E82B00B0D58B /* Frameworks */,
				9ECBBB032AA4E82B00B0D58B /* Resources */,
			);
			buildRules = (
			);
			dependencies = (
			);
			name = Scrumdinger;
			productName = Scrumdinger;
			productReference = 9ECBBB052AA4E82B00B0D58B /* Scrumdinger.app */;
			productType = "com.apple.product-type.application";
		};
		9ECBBB152AA4E82E00B0D58B /* ScrumdingerTests */ = {
			isa = PBXNativeTarget;
			buildConfigurationList = 9ECBBB2D2AA4E82E00B0D58B /* Build configuration list for PBXNativeTarget "ScrumdingerTests" */;
			buildPhases = (
				9ECBBB122AA4E82E00B0D58B /* Sources */,
				9ECBBB132AA4E82E00B0D58B /* Frameworks */,
				9ECBBB142AA4E82E00B0D58B /* Resources */,
			);
			buildRules = (
			);
			dependencies = (
				9ECBBB182AA4E82E00B0D58B /* PBXTargetDependency */,
			);
			name = ScrumdingerTests;
			productName = ScrumdingerTests;
			productReference = 9ECBBB162AA4E82E00B0D58B /* ScrumdingerTests.xctest */;
			productType = "com.apple.product-type.bundle.unit-test";
		};
		9ECBBB1F2AA4E82E00B0D58B /* ScrumdingerUITests */ = {
			isa = PBXNativeTarget;
			buildConfigurationList = 9ECBBB302AA4E82E00B0D58B /* Build configuration list for PBXNativeTarget "ScrumdingerUITests" */;
			buildPhases = (
				9ECBBB1C2AA4E82E00B0D58B /* Sources */,
				9ECBBB1D2AA4E82E00B0D58B /* Frameworks */,
				9ECBBB1E2AA4E82E00B0D58B /* Resources */,
			);
			buildRules = (
			);
			dependencies = (
				9ECBBB222AA4E82E00B0D58B /* PBXTargetDependency */,
			);
			name = ScrumdingerUITests;
			productName = ScrumdingerUITests;
			productReference = 9ECBBB202AA4E82E00B0D58B /* ScrumdingerUITests.xctest */;
			productType = "com.apple.product-type.bundle.ui-testing";
		};
/* End PBXNativeTarget section */

/* Begin PBXProject section */
		9ECBBAFD2AA4E82B00B0D58B /* Project object */ = {
			isa = PBXProject;
			attributes = {
				BuildIndependentTargetsInParallel = 1;
				LastSwiftUpdateCheck = 1430;
				LastUpgradeCheck = 1430;
				TargetAttributes = {
					9ECBBB042AA4E82B00B0D58B = {
						CreatedOnToolsVersion = 14.3.1;
					};
					9ECBBB152AA4E82E00B0D58B = {
						CreatedOnToolsVersion = 14.3.1;
						TestTargetID = 9ECBBB042AA4E82B00B0D58B;
					};
					9ECBBB1F2AA4E82E00B0D58B = {
						CreatedOnToolsVersion = 14.3.1;
						TestTargetID = 9ECBBB042AA4E82B00B0D58B;
					};
				};
			};
			buildConfigurationList = 9ECBBB002AA4E82B00B0D58B /* Build configuration list for PBXProject "Scrumdinger" */;
			compatibilityVersion = "Xcode 14.0";
			developmentRegion = en;
			hasScannedForEncodings = 0;
			knownRegions = (
				en,
				Base,
			);
			mainGroup = 9ECBBAFC2AA4E82B00B0D58B;
			productRefGroup = 9ECBBB062AA4E82B00B0D58B /* Products */;
			projectDirPath = "";
			projectRoot = "";
			targets = (
				9ECBBB042AA4E82B00B0D58B /* Scrumdinger */,
				9ECBBB152AA4E82E00B0D58B /* ScrumdingerTests */,
				9ECBBB1F2AA4E82E00B0D58B /* ScrumdingerUITests */,
			);
		};
/* End PBXProject section */

/* Begin PBXResourcesBuildPhase section */
		9ECBBB032AA4E82B00B0D58B /* Resources */ = {
			isa = PBXResourcesBuildPhase;
			buildActionMask = 2147483647;
			files = (
				9ECBBB112AA4E82E00B0D58B /* Preview Assets.xcassets in Resources */,
				9ECBBB0D2AA4E82E00B0D58B /* Assets.xcassets in Resources */,
			);
			runOnlyForDeploymentPostprocessing = 0;
		};
		9ECBBB142AA4E82E00B0D58B /* Resources */ = {
			isa = PBXResourcesBuildPhase;
			buildActionMask = 2147483647;
			files = (
			);
			runOnlyForDeploymentPostprocessing = 0;
		};
		9ECBBB1E2AA4E82E00B0D58B /* Resources */ = {
			isa = PBXResourcesBuildPhase;
			buildActionMask = 2147483647;
			files = (
			);
			runOnlyForDeploymentPostprocessing = 0;
		};
/* End PBXResourcesBuildPhase section */

/* Begin PBXSourcesBuildPhase section */
		9ECBBB012AA4E82B00B0D58B /* Sources */ = {
			isa = PBXSourcesBuildPhase;
			buildActionMask = 2147483647;
			files = (
				9E27A84D2AAF503900124B9B /* History.swift in Sources */,
				9ECBBB392AA5CA5E00B0D58B /* DailyScrum.swift in Sources */,
				9E27A8432AAF315300124B9B /* ScrumProgressViewStyle.swift in Sources */,
				9E27A8472AAF368A00124B9B /* MeetingFooterView.swift in Sources */,
				9E27A8452AAF334A00124B9B /* ScrumTimer.swift in Sources */,
				9ECBBB412AA5EE7300B0D58B /* DetailView.swift in Sources */,
				9ECBBB432AA62B6D00B0D58B /* DetailEditView.swift in Sources */,
				9E27A8412AAF29D000124B9B /* MeetingHeaderView.swift in Sources */,
				9ECBBB3D2AA5D35F00B0D58B /* TrailingIconLabelStyle.swift in Sources */,
				9E27A84B2AAF48BB00124B9B /* NewScrumSheet.swift in Sources */,
				9EA5AF5E2AA8E27600C76AAC /* ThemesPicker.swift in Sources */,
				9ECBBB372AA5C72F00B0D58B /* Theme.swift in Sources */,
				9ECBBB3F2AA5DF9600B0D58B /* ScrumsView.swift in Sources */,
				9ECBBB0B2AA4E82B00B0D58B /* MeetingView.swift in Sources */,
				9ECBBB092AA4E82B00B0D58B /* ScrumdingerApp.swift in Sources */,
				9ECBBB462AA8D79B00B0D58B /* ThemeView.swift in Sources */,
				9ECBBB3B2AA5CD0900B0D58B /* CardView.swift in Sources */,
				9E27A8492AAF427F00124B9B /* AVPlayer+Ding.swift in Sources */,
			);
			runOnlyForDeploymentPostprocessing = 0;
		};
		9ECBBB122AA4E82E00B0D58B /* Sources */ = {
			isa = PBXSourcesBuildPhase;
			buildActionMask = 2147483647;
			files = (
				9ECBBB1B2AA4E82E00B0D58B /* ScrumdingerTests.swift in Sources */,
			);
			runOnlyForDeploymentPostprocessing = 0;
		};
		9ECBBB1C2AA4E82E00B0D58B /* Sources */ = {
			isa = PBXSourcesBuildPhase;
			buildActionMask = 2147483647;
			files = (
				9ECBBB272AA4E82E00B0D58B /* ScrumdingerUITestsLaunchTests.swift in Sources */,
				9ECBBB252AA4E82E00B0D58B /* ScrumdingerUITests.swift in Sources */,
			);
			runOnlyForDeploymentPostprocessing = 0;
		};
/* End PBXSourcesBuildPhase section */

/* Begin PBXTargetDependency section */
		9ECBBB182AA4E82E00B0D58B /* PBXTargetDependency */ = {
			isa = PBXTargetDependency;
			target = 9ECBBB042AA4E82B00B0D58B /* Scrumdinger */;
			targetProxy = 9ECBBB172AA4E82E00B0D58B /* PBXContainerItemProxy */;
		};
		9ECBBB222AA4E82E00B0D58B /* PBXTargetDependency */ = {
			isa = PBXTargetDependency;
			target = 9ECBBB042AA4E82B00B0D58B /* Scrumdinger */;
			targetProxy = 9ECBBB212AA4E82E00B0D58B /* PBXContainerItemProxy */;
		};
/* End PBXTargetDependency section */

/* Begin XCBuildConfiguration section */
		9ECBBB282AA4E82E00B0D58B /* Debug */ = {
			isa = XCBuildConfiguration;
			buildSettings = {
				ALWAYS_SEARCH_USER_PATHS = NO;
				CLANG_ANALYZER_NONNULL = YES;
				CLANG_ANALYZER_NUMBER_OBJECT_CONVERSION = YES_AGGRESSIVE;
				CLANG_CXX_LANGUAGE_STANDARD = "gnu++20";
				CLANG_ENABLE_MODULES = YES;
				CLANG_ENABLE_OBJC_ARC = YES;
				CLANG_ENABLE_OBJC_WEAK = YES;
				CLANG_WARN_BLOCK_CAPTURE_AUTORELEASING = YES;
				CLANG_WARN_BOOL_CONVERSION = YES;
				CLANG_WARN_COMMA = YES;
				CLANG_WARN_CONSTANT_CONVERSION = YES;
				CLANG_WARN_DEPRECATED_OBJC_IMPLEMENTATIONS = YES;
				CLANG_WARN_DIRECT_OBJC_ISA_USAGE = YES_ERROR;
				CLANG_WARN_DOCUMENTATION_COMMENTS = YES;
				CLANG_WARN_EMPTY_BODY = YES;
				CLANG_WARN_ENUM_CONVERSION = YES;
				CLANG_WARN_INFINITE_RECURSION = YES;
				CLANG_WARN_INT_CONVERSION = YES;
				CLANG_WARN_NON_LITERAL_NULL_CONVERSION = YES;
				CLANG_WARN_OBJC_IMPLICIT_RETAIN_SELF = YES;
				CLANG_WARN_OBJC_LITERAL_CONVERSION = YES;
				CLANG_WARN_OBJC_ROOT_CLASS = YES_ERROR;
				CLANG_WARN_QUOTED_INCLUDE_IN_FRAMEWORK_HEADER = YES;
				CLANG_WARN_RANGE_LOOP_ANALYSIS = YES;
				CLANG_WARN_STRICT_PROTOTYPES = YES;
				CLANG_WARN_SUSPICIOUS_MOVE = YES;
				CLANG_WARN_UNGUARDED_AVAILABILITY = YES_AGGRESSIVE;
				CLANG_WARN_UNREACHABLE_CODE = YES;
				CLANG_WARN__DUPLICATE_METHOD_MATCH = YES;
				COPY_PHASE_STRIP = NO;
				DEBUG_INFORMATION_FORMAT = dwarf;
				ENABLE_STRICT_OBJC_MSGSEND = YES;
				ENABLE_TESTABILITY = YES;
				GCC_C_LANGUAGE_STANDARD = gnu11;
				GCC_DYNAMIC_NO_PIC = NO;
				GCC_NO_COMMON_BLOCKS = YES;
				GCC_OPTIMIZATION_LEVEL = 0;
				GCC_PREPROCESSOR_DEFINITIONS = (
					"DEBUG=1",
					"$(inherited)",
				);
				GCC_WARN_64_TO_32_BIT_CONVERSION = YES;
				GCC_WARN_ABOUT_RETURN_TYPE = YES_ERROR;
				GCC_WARN_UNDECLARED_SELECTOR = YES;
				GCC_WARN_UNINITIALIZED_AUTOS = YES_AGGRESSIVE;
				GCC_WARN_UNUSED_FUNCTION = YES;
				GCC_WARN_UNUSED_VARIABLE = YES;
				MTL_ENABLE_DEBUG_INFO = INCLUDE_SOURCE;
				MTL_FAST_MATH = YES;
				ONLY_ACTIVE_ARCH = YES;
				SWIFT_ACTIVE_COMPILATION_CONDITIONS = DEBUG;
				SWIFT_OPTIMIZATION_LEVEL = "-Onone";
			};
			name = Debug;
		};
		9ECBBB292AA4E82E00B0D58B /* Release */ = {
			isa = XCBuildConfiguration;
			buildSettings = {
				ALWAYS_SEARCH_USER_PATHS = NO;
				CLANG_ANALYZER_NONNULL = YES;
				CLANG_ANALYZER_NUMBER_OBJECT_CONVERSION = YES_AGGRESSIVE;
				CLANG_CXX_LANGUAGE_STANDARD = "gnu++20";
				CLANG_ENABLE_MODULES = YES;
				CLANG_ENABLE_OBJC_ARC = YES;
				CLANG_ENABLE_OBJC_WEAK = YES;
				CLANG_WARN_BLOCK_CAPTURE_AUTORELEASING = YES;
				CLANG_WARN_BOOL_CONVERSION = YES;
				CLANG_WARN_COMMA = YES;
				CLANG_WARN_CONSTANT_CONVERSION = YES;
				CLANG_WARN_DEPRECATED_OBJC_IMPLEMENTATIONS = YES;
				CLANG_WARN_DIRECT_OBJC_ISA_USAGE = YES_ERROR;
				CLANG_WARN_DOCUMENTATION_COMMENTS = YES;
				CLANG_WARN_EMPTY_BODY = YES;
				CLANG_WARN_ENUM_CONVERSION = YES;
				CLANG_WARN_INFINITE_RECURSION = YES;
				CLANG_WARN_INT_CONVERSION = YES;
				CLANG_WARN_NON_LITERAL_NULL_CONVERSION = YES;
				CLANG_WARN_OBJC_IMPLICIT_RETAIN_SELF = YES;
				CLANG_WARN_OBJC_LITERAL_CONVERSION = YES;
				CLANG_WARN_OBJC_ROOT_CLASS = YES_ERROR;
				CLANG_WARN_QUOTED_INCLUDE_IN_FRAMEWORK_HEADER = YES;
				CLANG_WARN_RANGE_LOOP_ANALYSIS = YES;
				CLANG_WARN_STRICT_PROTOTYPES = YES;
				CLANG_WARN_SUSPICIOUS_MOVE = YES;
				CLANG_WARN_UNGUARDED_AVAILABILITY = YES_AGGRESSIVE;
				CLANG_WARN_UNREACHABLE_CODE = YES;
				CLANG_WARN__DUPLICATE_METHOD_MATCH = YES;
				COPY_PHASE_STRIP = NO;
				DEBUG_INFORMATION_FORMAT = "dwarf-with-dsym";
				ENABLE_NS_ASSERTIONS = NO;
				ENABLE_STRICT_OBJC_MSGSEND = YES;
				GCC_C_LANGUAGE_STANDARD = gnu11;
				GCC_NO_COMMON_BLOCKS = YES;
				GCC_WARN_64_TO_32_BIT_CONVERSION = YES;
				GCC_WARN_ABOUT_RETURN_TYPE = YES_ERROR;
				GCC_WARN_UNDECLARED_SELECTOR = YES;
				GCC_WARN_UNINITIALIZED_AUTOS = YES_AGGRESSIVE;
				GCC_WARN_UNUSED_FUNCTION = YES;
				GCC_WARN_UNUSED_VARIABLE = YES;
				MTL_ENABLE_DEBUG_INFO = NO;
				MTL_FAST_MATH = YES;
				SWIFT_COMPILATION_MODE = wholemodule;
				SWIFT_OPTIMIZATION_LEVEL = "-O";
			};
			name = Release;
		};
		9ECBBB2B2AA4E82E00B0D58B /* Debug */ = {
			isa = XCBuildConfiguration;
			buildSettings = {
				ASSETCATALOG_COMPILER_APPICON_NAME = AppIcon;
				ASSETCATALOG_COMPILER_GLOBAL_ACCENT_COLOR_NAME = AccentColor;
				CODE_SIGN_ENTITLEMENTS = Scrumdinger/Scrumdinger.entitlements;
				CODE_SIGN_STYLE = Automatic;
				CURRENT_PROJECT_VERSION = 1;
				DEVELOPMENT_ASSET_PATHS = "\"Scrumdinger/Preview Content\"";
				DEVELOPMENT_TEAM = RTJXG2U663;
				ENABLE_HARDENED_RUNTIME = YES;
				ENABLE_PREVIEWS = YES;
				GENERATE_INFOPLIST_FILE = YES;
				"INFOPLIST_KEY_UIApplicationSceneManifest_Generation[sdk=iphoneos*]" = YES;
				"INFOPLIST_KEY_UIApplicationSceneManifest_Generation[sdk=iphonesimulator*]" = YES;
				"INFOPLIST_KEY_UIApplicationSupportsIndirectInputEvents[sdk=iphoneos*]" = YES;
				"INFOPLIST_KEY_UIApplicationSupportsIndirectInputEvents[sdk=iphonesimulator*]" = YES;
				"INFOPLIST_KEY_UILaunchScreen_Generation[sdk=iphoneos*]" = YES;
				"INFOPLIST_KEY_UILaunchScreen_Generation[sdk=iphonesimulator*]" = YES;
				"INFOPLIST_KEY_UIStatusBarStyle[sdk=iphoneos*]" = UIStatusBarStyleDefault;
				"INFOPLIST_KEY_UIStatusBarStyle[sdk=iphonesimulator*]" = UIStatusBarStyleDefault;
				INFOPLIST_KEY_UISupportedInterfaceOrientations_iPad = "UIInterfaceOrientationPortrait UIInterfaceOrientationPortraitUpsideDown UIInterfaceOrientationLandscapeLeft UIInterfaceOrientationLandscapeRight";
				INFOPLIST_KEY_UISupportedInterfaceOrientations_iPhone = "UIInterfaceOrientationPortrait UIInterfaceOrientationLandscapeLeft UIInterfaceOrientationLandscapeRight";
				IPHONEOS_DEPLOYMENT_TARGET = 16.4;
				LD_RUNPATH_SEARCH_PATHS = "@executable_path/Frameworks";
				"LD_RUNPATH_SEARCH_PATHS[sdk=macosx*]" = "@executable_path/../Frameworks";
				MACOSX_DEPLOYMENT_TARGET = 13.3;
				MARKETING_VERSION = 1.0;
				PRODUCT_BUNDLE_IDENTIFIER = PF.Scrumdinger;
				PRODUCT_NAME = "$(TARGET_NAME)";
				SDKROOT = auto;
				SUPPORTED_PLATFORMS = "iphoneos iphonesimulator macosx";
				SWIFT_EMIT_LOC_STRINGS = YES;
				SWIFT_VERSION = 5.0;
				TARGETED_DEVICE_FAMILY = "1,2";
			};
			name = Debug;
		};
		9ECBBB2C2AA4E82E00B0D58B /* Release */ = {
			isa = XCBuildConfiguration;
			buildSettings = {
				ASSETCATALOG_COMPILER_APPICON_NAME = AppIcon;
				ASSETCATALOG_COMPILER_GLOBAL_ACCENT_COLOR_NAME = AccentColor;
				CODE_SIGN_ENTITLEMENTS = Scrumdinger/Scrumdinger.entitlements;
				CODE_SIGN_STYLE = Automatic;
				CURRENT_PROJECT_VERSION = 1;
				DEVELOPMENT_ASSET_PATHS = "\"Scrumdinger/Preview Content\"";
				DEVELOPMENT_TEAM = RTJXG2U663;
				ENABLE_HARDENED_RUNTIME = YES;
				ENABLE_PREVIEWS = YES;
				GENERATE_INFOPLIST_FILE = YES;
				"INFOPLIST_KEY_UIApplicationSceneManifest_Generation[sdk=iphoneos*]" = YES;
				"INFOPLIST_KEY_UIApplicationSceneManifest_Generation[sdk=iphonesimulator*]" = YES;
				"INFOPLIST_KEY_UIApplicationSupportsIndirectInputEvents[sdk=iphoneos*]" = YES;
				"INFOPLIST_KEY_UIApplicationSupportsIndirectInputEvents[sdk=iphonesimulator*]" = YES;
				"INFOPLIST_KEY_UILaunchScreen_Generation[sdk=iphoneos*]" = YES;
				"INFOPLIST_KEY_UILaunchScreen_Generation[sdk=iphonesimulator*]" = YES;
				"INFOPLIST_KEY_UIStatusBarStyle[sdk=iphoneos*]" = UIStatusBarStyleDefault;
				"INFOPLIST_KEY_UIStatusBarStyle[sdk=iphonesimulator*]" = UIStatusBarStyleDefault;
				INFOPLIST_KEY_UISupportedInterfaceOrientations_iPad = "UIInterfaceOrientationPortrait UIInterfaceOrientationPortraitUpsideDown UIInterfaceOrientationLandscapeLeft UIInterfaceOrientationLandscapeRight";
				INFOPLIST_KEY_UISupportedInterfaceOrientations_iPhone = "UIInterfaceOrientationPortrait UIInterfaceOrientationLandscapeLeft UIInterfaceOrientationLandscapeRight";
				IPHONEOS_DEPLOYMENT_TARGET = 16.4;
				LD_RUNPATH_SEARCH_PATHS = "@executable_path/Frameworks";
				"LD_RUNPATH_SEARCH_PATHS[sdk=macosx*]" = "@executable_path/../Frameworks";
				MACOSX_DEPLOYMENT_TARGET = 13.3;
				MARKETING_VERSION = 1.0;
				PRODUCT_BUNDLE_IDENTIFIER = PF.Scrumdinger;
				PRODUCT_NAME = "$(TARGET_NAME)";
				SDKROOT = auto;
				SUPPORTED_PLATFORMS = "iphoneos iphonesimulator macosx";
				SWIFT_EMIT_LOC_STRINGS = YES;
				SWIFT_VERSION = 5.0;
				TARGETED_DEVICE_FAMILY = "1,2";
			};
			name = Release;
		};
		9ECBBB2E2AA4E82E00B0D58B /* Debug */ = {
			isa = XCBuildConfiguration;
			buildSettings = {
				ALWAYS_EMBED_SWIFT_STANDARD_LIBRARIES = YES;
				BUNDLE_LOADER = "$(TEST_HOST)";
				CODE_SIGN_STYLE = Automatic;
				CURRENT_PROJECT_VERSION = 1;
				DEVELOPMENT_TEAM = RTJXG2U663;
				GENERATE_INFOPLIST_FILE = YES;
				IPHONEOS_DEPLOYMENT_TARGET = 16.4;
				MACOSX_DEPLOYMENT_TARGET = 13.3;
				MARKETING_VERSION = 1.0;
				PRODUCT_BUNDLE_IDENTIFIER = PF.ScrumdingerTests;
				PRODUCT_NAME = "$(TARGET_NAME)";
				SDKROOT = auto;
				SUPPORTED_PLATFORMS = "iphoneos iphonesimulator macosx";
				SWIFT_EMIT_LOC_STRINGS = NO;
				SWIFT_VERSION = 5.0;
				TARGETED_DEVICE_FAMILY = "1,2";
				TEST_HOST = "$(BUILT_PRODUCTS_DIR)/Scrumdinger.app/$(BUNDLE_EXECUTABLE_FOLDER_PATH)/Scrumdinger";
			};
			name = Debug;
		};
		9ECBBB2F2AA4E82E00B0D58B /* Release */ = {
			isa = XCBuildConfiguration;
			buildSettings = {
				ALWAYS_EMBED_SWIFT_STANDARD_LIBRARIES = YES;
				BUNDLE_LOADER = "$(TEST_HOST)";
				CODE_SIGN_STYLE = Automatic;
				CURRENT_PROJECT_VERSION = 1;
				DEVELOPMENT_TEAM = RTJXG2U663;
				GENERATE_INFOPLIST_FILE = YES;
				IPHONEOS_DEPLOYMENT_TARGET = 16.4;
				MACOSX_DEPLOYMENT_TARGET = 13.3;
				MARKETING_VERSION = 1.0;
				PRODUCT_BUNDLE_IDENTIFIER = PF.ScrumdingerTests;
				PRODUCT_NAME = "$(TARGET_NAME)";
				SDKROOT = auto;
				SUPPORTED_PLATFORMS = "iphoneos iphonesimulator macosx";
				SWIFT_EMIT_LOC_STRINGS = NO;
				SWIFT_VERSION = 5.0;
				TARGETED_DEVICE_FAMILY = "1,2";
				TEST_HOST = "$(BUILT_PRODUCTS_DIR)/Scrumdinger.app/$(BUNDLE_EXECUTABLE_FOLDER_PATH)/Scrumdinger";
			};
			name = Release;
		};
		9ECBBB312AA4E82E00B0D58B /* Debug */ = {
			isa = XCBuildConfiguration;
			buildSettings = {
				ALWAYS_EMBED_SWIFT_STANDARD_LIBRARIES = YES;
				CODE_SIGN_STYLE = Automatic;
				CURRENT_PROJECT_VERSION = 1;
				DEVELOPMENT_TEAM = RTJXG2U663;
				GENERATE_INFOPLIST_FILE = YES;
				IPHONEOS_DEPLOYMENT_TARGET = 16.4;
				MACOSX_DEPLOYMENT_TARGET = 13.3;
				MARKETING_VERSION = 1.0;
				PRODUCT_BUNDLE_IDENTIFIER = PF.ScrumdingerUITests;
				PRODUCT_NAME = "$(TARGET_NAME)";
				SDKROOT = auto;
				SUPPORTED_PLATFORMS = "iphoneos iphonesimulator macosx";
				SWIFT_EMIT_LOC_STRINGS = NO;
				SWIFT_VERSION = 5.0;
				TARGETED_DEVICE_FAMILY = "1,2";
				TEST_TARGET_NAME = Scrumdinger;
			};
			name = Debug;
		};
		9ECBBB322AA4E82E00B0D58B /* Release */ = {
			isa = XCBuildConfiguration;
			buildSettings = {
				ALWAYS_EMBED_SWIFT_STANDARD_LIBRARIES = YES;
				CODE_SIGN_STYLE = Automatic;
				CURRENT_PROJECT_VERSION = 1;
				DEVELOPMENT_TEAM = RTJXG2U663;
				GENERATE_INFOPLIST_FILE = YES;
				IPHONEOS_DEPLOYMENT_TARGET = 16.4;
				MACOSX_DEPLOYMENT_TARGET = 13.3;
				MARKETING_VERSION = 1.0;
				PRODUCT_BUNDLE_IDENTIFIER = PF.ScrumdingerUITests;
				PRODUCT_NAME = "$(TARGET_NAME)";
				SDKROOT = auto;
				SUPPORTED_PLATFORMS = "iphoneos iphonesimulator macosx";
				SWIFT_EMIT_LOC_STRINGS = NO;
				SWIFT_VERSION = 5.0;
				TARGETED_DEVICE_FAMILY = "1,2";
				TEST_TARGET_NAME = Scrumdinger;
			};
			name = Release;
		};
/* End XCBuildConfiguration section */

/* Begin XCConfigurationList section */
		9ECBBB002AA4E82B00B0D58B /* Build configuration list for PBXProject "Scrumdinger" */ = {
			isa = XCConfigurationList;
			buildConfigurations = (
				9ECBBB282AA4E82E00B0D58B /* Debug */,
				9ECBBB292AA4E82E00B0D58B /* Release */,
			);
			defaultConfigurationIsVisible = 0;
			defaultConfigurationName = Release;
		};
		9ECBBB2A2AA4E82E00B0D58B /* Build configuration list for PBXNativeTarget "Scrumdinger" */ = {
			isa = XCConfigurationList;
			buildConfigurations = (
				9ECBBB2B2AA4E82E00B0D58B /* Debug */,
				9ECBBB2C2AA4E82E00B0D58B /* Release */,
			);
			defaultConfigurationIsVisible = 0;
			defaultConfigurationName = Release;
		};
		9ECBBB2D2AA4E82E00B0D58B /* Build configuration list for PBXNativeTarget "ScrumdingerTests" */ = {
			isa = XCConfigurationList;
			buildConfigurations = (
				9ECBBB2E2AA4E82E00B0D58B /* Debug */,
				9ECBBB2F2AA4E82E00B0D58B /* Release */,
			);
			defaultConfigurationIsVisible = 0;
			defaultConfigurationName = Release;
		};
		9ECBBB302AA4E82E00B0D58B /* Build configuration list for PBXNativeTarget "ScrumdingerUITests" */ = {
			isa = XCConfigurationList;
			buildConfigurations = (
				9ECBBB312AA4E82E00B0D58B /* Debug */,
				9ECBBB322AA4E82E00B0D58B /* Release */,
			);
			defaultConfigurationIsVisible = 0;
			defaultConfigurationName = Release;
		};
/* End XCConfigurationList section */
	};
	rootObject = 9ECBBAFD2AA4E82B00B0D58B /* Project object */;
}
